
Microsoft Visual Studio Solution File, Format Version 12.00
# Visual Studio Version 16
VisualStudioVersion = 16.0.31410.357
MinimumVisualStudioVersion = 10.0.40219.1
Project("{9A19103F-16F7-4668-BE54-9A1E7A4F7556}") = "GrokkingAlgorithms", "GrokkingAlgorithms\GrokkingAlgorithms.csproj", "{FA4BEBD9-8DEB-4202-BBDA-251A9DBE83D2}"
EndProject
Project("{FAE04EC0-301F-11D3-BF4B-00C04F79EFBC}") = "GrokkingAlgorithmsTests", "GrokkingAlgorithmsTests\GrokkingAlgorithmsTests.csproj", "{0A6A2F0F-94D4-4512-A996-31EA0F30AA27}"
EndProject
Global
	GlobalSection(SolutionConfigurationPlatforms) = preSolution
		Debug|Any CPU = Debug|Any CPU
		Release|Any CPU = Release|Any CPU
	EndGlobalSection
	GlobalSection(ProjectConfigurationPlatforms) = postSolution
		{FA4BEBD9-8DEB-4202-BBDA-251A9DBE83D2}.Debug|Any CPU.ActiveCfg = Debug|Any CPU
		{FA4BEBD9-8DEB-4202-BBDA-251A9DBE83D2}.Debug|Any CPU.Build.0 = Debug|Any CPU
		{FA4BEBD9-8DEB-4202-BBDA-251A9DBE83D2}.Release|Any CPU.ActiveCfg = Release|Any CPU
		{FA4BEBD9-8DEB-4202-BBDA-251A9DBE83D2}.Release|Any CPU.Build.0 = Release|Any CPU
		{0A6A2F0F-94D4-4512-A996-31EA0F30AA27}.Debug|Any CPU.ActiveCfg = Debug|Any CPU
		{0A6A2F0F-94D4-4512-A996-31EA0F30AA27}.Debug|Any CPU.Build.0 = Debug|Any CPU
		{0A6A2F0F-94D4-4512-A996-31EA0F30AA27}.Release|Any CPU.ActiveCfg = Release|Any CPU
		{0A6A2F0F-94D4-4512-A996-31EA0F30AA27}.Release|Any CPU.Build.0 = Release|Any CPU
	EndGlobalSection
	GlobalSection(SolutionProperties) = preSolution
		HideSolutionNode = FALSE
	EndGlobalSection
	GlobalSection(ExtensibilityGlobals) = postSolution
		SolutionGuid = {850B16CC-3165-4A9B-A32E-64B942534964}
	EndGlobalSection
EndGlobal
